
Microsoft Visual Studio Solution File, Format Version 12.00
# Visual Studio 2017
Project("{FAE04EC0-301F-11D3-BF4B-00C04F79EFBC}") = "Potion Commotion", "Potion Commotion.csproj", "{983E1E3F-0DC1-AB66-97F4-E8B51EAD92AE}"
EndProject
Project("{FAE04EC0-301F-11D3-BF4B-00C04F79EFBC}") = "Potion Commotion.Editor", "Potion Commotion.Editor.csproj", "{45DFBB82-8786-D41F-A5B5-978465F6475B}"
EndProject
Global
	GlobalSection(SolutionConfigurationPlatforms) = preSolution
		Debug|Any CPU = Debug|Any CPU
		Release|Any CPU = Release|Any CPU
	EndGlobalSection
	GlobalSection(ProjectConfigurationPlatforms) = postSolution
		{983E1E3F-0DC1-AB66-97F4-E8B51EAD92AE}.Debug|Any CPU.ActiveCfg = Debug|Any CPU
		{983E1E3F-0DC1-AB66-97F4-E8B51EAD92AE}.Debug|Any CPU.Build.0 = Debug|Any CPU
		{983E1E3F-0DC1-AB66-97F4-E8B51EAD92AE}.Release|Any CPU.ActiveCfg = Release|Any CPU
		{983E1E3F-0DC1-AB66-97F4-E8B51EAD92AE}.Release|Any CPU.Build.0 = Release|Any CPU
		{45DFBB82-8786-D41F-A5B5-978465F6475B}.Debug|Any CPU.ActiveCfg = Debug|Any CPU
		{45DFBB82-8786-D41F-A5B5-978465F6475B}.Debug|Any CPU.Build.0 = Debug|Any CPU
		{45DFBB82-8786-D41F-A5B5-978465F6475B}.Release|Any CPU.ActiveCfg = Release|Any CPU
		{45DFBB82-8786-D41F-A5B5-978465F6475B}.Release|Any CPU.Build.0 = Release|Any CPU
	EndGlobalSection
	GlobalSection(SolutionProperties) = preSolution
		HideSolutionNode = FALSE
	EndGlobalSection
EndGlobal
